{
	"name": "@ng-doc/utils",
	"version": "0.0.1",
	"lockfileVersion": 2,
	"requires": true,
	"packages": {
		"": {
			"name": "@ng-doc/utils",
			"version": "0.0.1",
			"dependencies": {
				"chalk": "^5.2.0",
				"github-slugger": "^2.0.0",
				"hast-util-has-property": "^2.0.1",
				"hast-util-heading-rank": "^2.1.1",
				"hast-util-to-string": "^2.0.0",
				"rehype": "^12.0.1",
				"rehype-format": "^4.0.1",
				"rehype-highlight": "^6.0.0",
				"rehype-minify-whitespace": "^5.0.1",
				"unist-util-filter": "^4.0.1",
				"unist-util-visit": "^4.1.2"
			}
		},
		"node_modules/@types/hast": {
			"version": "2.3.4",
			"resolved": "https://registry.npmjs.org/@types/hast/-/hast-2.3.4.tgz",
			"integrity": "sha512-wLEm0QvaoawEDoTRwzTXp4b4jpwiJDvR5KMnFnVodm3scufTlBOWRD6N1OBf9TZMhjlNsSfcO5V+7AF4+Vy+9g==",
			"dependencies": {
				"@types/unist": "*"
			}
		},
		"node_modules/@types/parse5": {
			"version": "6.0.3",
			"resolved": "https://registry.npmjs.org/@types/parse5/-/parse5-6.0.3.tgz",
			"integrity": "sha512-SuT16Q1K51EAVPz1K29DJ/sXjhSQ0zjvsypYJ6tlwVsRV9jwW5Adq2ch8Dq8kDBCkYnELS7N7VNCSB5nC56t/g=="
		},
		"node_modules/@types/unist": {
			"version": "2.0.6",
			"resolved": "https://registry.npmjs.org/@types/unist/-/unist-2.0.6.tgz",
			"integrity": "sha512-PBjIUxZHOuj0R15/xuwJYjFi+KZdNFrehocChv4g5hu6aFroHue8m0lBP0POdK2nKzbw0cgV1mws8+V/JAcEkQ=="
		},
		"node_modules/bail": {
			"version": "2.0.2",
			"resolved": "https://registry.npmjs.org/bail/-/bail-2.0.2.tgz",
			"integrity": "sha512-0xO6mYd7JB2YesxDKplafRpsiOzPt9V02ddPCLbY1xYGPOX24NTyN50qnUxgCPcSoYMhKpAuBTjQoRZCAkUDRw==",
			"funding": {
				"type": "github",
				"url": "https://github.com/sponsors/wooorm"
			}
		},
		"node_modules/ccount": {
			"version": "2.0.1",
			"resolved": "https://registry.npmjs.org/ccount/-/ccount-2.0.1.tgz",
			"integrity": "sha512-eyrF0jiFpY+3drT6383f1qhkbGsLSifNAjA61IUjZjmLCWjItY6LB9ft9YhoDgwfmclB2zhu51Lc7+95b8NRAg==",
			"funding": {
				"type": "github",
				"url": "https://github.com/sponsors/wooorm"
			}
		},
		"node_modules/chalk": {
			"version": "5.2.0",
			"resolved": "https://registry.npmjs.org/chalk/-/chalk-5.2.0.tgz",
			"integrity": "sha512-ree3Gqw/nazQAPuJJEy+avdl7QfZMcUvmHIKgEZkGL+xOBzRvup5Hxo6LHuMceSxOabuJLJm5Yp/92R9eMmMvA==",
			"engines": {
				"node": "^12.17.0 || ^14.13 || >=16.0.0"
			},
			"funding": {
				"url": "https://github.com/chalk/chalk?sponsor=1"
			}
		},
		"node_modules/character-entities-html4": {
			"version": "2.1.0",
			"resolved": "https://registry.npmjs.org/character-entities-html4/-/character-entities-html4-2.1.0.tgz",
			"integrity": "sha512-1v7fgQRj6hnSwFpq1Eu0ynr/CDEw0rXo2B61qXrLNdHZmPKgb7fqS1a2JwF0rISo9q77jDI8VMEHoApn8qDoZA==",
			"funding": {
				"type": "github",
				"url": "https://github.com/sponsors/wooorm"
			}
		},
		"node_modules/character-entities-legacy": {
			"version": "3.0.0",
			"resolved": "https://registry.npmjs.org/character-entities-legacy/-/character-entities-legacy-3.0.0.tgz",
			"integrity": "sha512-RpPp0asT/6ufRm//AJVwpViZbGM/MkjQFxJccQRHmISF/22NBtsHqAWmL+/pmkPWoIUJdWyeVleTl1wydHATVQ==",
			"funding": {
				"type": "github",
				"url": "https://github.com/sponsors/wooorm"
			}
		},
		"node_modules/comma-separated-tokens": {
			"version": "2.0.3",
			"resolved": "https://registry.npmjs.org/comma-separated-tokens/-/comma-separated-tokens-2.0.3.tgz",
			"integrity": "sha512-Fu4hJdvzeylCfQPp9SGWidpzrMs7tTrlu6Vb8XGaRGck8QSNZJJp538Wrb60Lax4fPwR64ViY468OIUTbRlGZg==",
			"funding": {
				"type": "github",
				"url": "https://github.com/sponsors/wooorm"
			}
		},
		"node_modules/extend": {
			"version": "3.0.2",
			"resolved": "https://registry.npmjs.org/extend/-/extend-3.0.2.tgz",
			"integrity": "sha512-fjquC59cD7CyW6urNXK0FBufkZcoiGG80wTuPujX590cB5Ttln20E2UB4S/WARVqhXffZl2LNgS+gQdPIIim/g=="
		},
		"node_modules/fault": {
			"version": "2.0.1",
			"resolved": "https://registry.npmjs.org/fault/-/fault-2.0.1.tgz",
			"integrity": "sha512-WtySTkS4OKev5JtpHXnib4Gxiurzh5NCGvWrFaZ34m6JehfTUhKZvn9njTfw48t6JumVQOmrKqpmGcdwxnhqBQ==",
			"dependencies": {
				"format": "^0.2.0"
			},
			"funding": {
				"type": "github",
				"url": "https://github.com/sponsors/wooorm"
			}
		},
		"node_modules/format": {
			"version": "0.2.2",
			"resolved": "https://registry.npmjs.org/format/-/format-0.2.2.tgz",
			"integrity": "sha512-wzsgA6WOq+09wrU1tsJ09udeR/YZRaeArL9e1wPbFg3GG2yDnC2ldKpxs4xunpFF9DgqCqOIra3bc1HWrJ37Ww==",
			"engines": {
				"node": ">=0.4.x"
			}
		},
		"node_modules/github-slugger": {
			"version": "2.0.0",
			"resolved": "https://registry.npmjs.org/github-slugger/-/github-slugger-2.0.0.tgz",
			"integrity": "sha512-IaOQ9puYtjrkq7Y0Ygl9KDZnrf/aiUJYUpVf89y8kyaxbRG7Y1SrX/jaumrv81vc61+kiMempujsM3Yw7w5qcw=="
		},
		"node_modules/hast-util-embedded": {
			"version": "2.0.1",
			"resolved": "https://registry.npmjs.org/hast-util-embedded/-/hast-util-embedded-2.0.1.tgz",
			"integrity": "sha512-QUdSOP1/o+/TxXtpPFXR2mUg2P+ySrmlX7QjwHZCXqMFyYk7YmcGSvqRW+4XgXAoHifdE1t2PwFaQK33TqVjSw==",
			"dependencies": {
				"hast-util-is-element": "^2.0.0"
			},
			"funding": {
				"type": "opencollective",
				"url": "https://opencollective.com/unified"
			}
		},
		"node_modules/hast-util-from-parse5": {
			"version": "7.1.2",
			"resolved": "https://registry.npmjs.org/hast-util-from-parse5/-/hast-util-from-parse5-7.1.2.tgz",
			"integrity": "sha512-Nz7FfPBuljzsN3tCQ4kCBKqdNhQE2l0Tn+X1ubgKBPRoiDIu1mL08Cfw4k7q71+Duyaw7DXDN+VTAp4Vh3oCOw==",
			"dependencies": {
				"@types/hast": "^2.0.0",
				"@types/unist": "^2.0.0",
				"hastscript": "^7.0.0",
				"property-information": "^6.0.0",
				"vfile": "^5.0.0",
				"vfile-location": "^4.0.0",
				"web-namespaces": "^2.0.0"
			},
			"funding": {
				"type": "opencollective",
				"url": "https://opencollective.com/unified"
			}
		},
		"node_modules/hast-util-has-property": {
			"version": "2.0.1",
			"resolved": "https://registry.npmjs.org/hast-util-has-property/-/hast-util-has-property-2.0.1.tgz",
			"integrity": "sha512-X2+RwZIMTMKpXUzlotatPzWj8bspCymtXH3cfG3iQKV+wPF53Vgaqxi/eLqGck0wKq1kS9nvoB1wchbCPEL8sg==",
			"funding": {
				"type": "opencollective",
				"url": "https://opencollective.com/unified"
			}
		},
		"node_modules/hast-util-heading-rank": {
			"version": "2.1.1",
			"resolved": "https://registry.npmjs.org/hast-util-heading-rank/-/hast-util-heading-rank-2.1.1.tgz",
			"integrity": "sha512-iAuRp+ESgJoRFJbSyaqsfvJDY6zzmFoEnL1gtz1+U8gKtGGj1p0CVlysuUAUjq95qlZESHINLThwJzNGmgGZxA==",
			"dependencies": {
				"@types/hast": "^2.0.0"
			},
			"funding": {
				"type": "opencollective",
				"url": "https://opencollective.com/unified"
			}
		},
		"node_modules/hast-util-is-body-ok-link": {
			"version": "2.0.0",
			"resolved": "https://registry.npmjs.org/hast-util-is-body-ok-link/-/hast-util-is-body-ok-link-2.0.0.tgz",
			"integrity": "sha512-S58hCexyKdD31vMsErvgLfflW6vYWo/ixRLPJTtkOvLld24vyI8vmYmkgLA5LG3la2ME7nm7dLGdm48gfLRBfw==",
			"dependencies": {
				"@types/hast": "^2.0.0",
				"hast-util-has-property": "^2.0.0",
				"hast-util-is-element": "^2.0.0"
			},
			"funding": {
				"type": "opencollective",
				"url": "https://opencollective.com/unified"
			}
		},
		"node_modules/hast-util-is-element": {
			"version": "2.1.3",
			"resolved": "https://registry.npmjs.org/hast-util-is-element/-/hast-util-is-element-2.1.3.tgz",
			"integrity": "sha512-O1bKah6mhgEq2WtVMk+Ta5K7pPMqsBBlmzysLdcwKVrqzZQ0CHqUPiIVspNhAG1rvxpvJjtGee17XfauZYKqVA==",
			"dependencies": {
				"@types/hast": "^2.0.0",
				"@types/unist": "^2.0.0"
			},
			"funding": {
				"type": "opencollective",
				"url": "https://opencollective.com/unified"
			}
		},
		"node_modules/hast-util-parse-selector": {
			"version": "3.1.1",
			"resolved": "https://registry.npmjs.org/hast-util-parse-selector/-/hast-util-parse-selector-3.1.1.tgz",
			"integrity": "sha512-jdlwBjEexy1oGz0aJ2f4GKMaVKkA9jwjr4MjAAI22E5fM/TXVZHuS5OpONtdeIkRKqAaryQ2E9xNQxijoThSZA==",
			"dependencies": {
				"@types/hast": "^2.0.0"
			},
			"funding": {
				"type": "opencollective",
				"url": "https://opencollective.com/unified"
			}
		},
		"node_modules/hast-util-phrasing": {
			"version": "2.0.2",
			"resolved": "https://registry.npmjs.org/hast-util-phrasing/-/hast-util-phrasing-2.0.2.tgz",
			"integrity": "sha512-yGkCfPkkfCyiLfK6KEl/orMDr/zgCnq/NaO9HfULx6/Zga5fso5eqQA5Ov/JZVqACygvw9shRYWgXNcG2ilo7w==",
			"dependencies": {
				"@types/hast": "^2.0.0",
				"hast-util-embedded": "^2.0.0",
				"hast-util-has-property": "^2.0.0",
				"hast-util-is-body-ok-link": "^2.0.0",
				"hast-util-is-element": "^2.0.0"
			},
			"funding": {
				"type": "opencollective",
				"url": "https://opencollective.com/unified"
			}
		},
		"node_modules/hast-util-raw": {
			"version": "7.2.3",
			"resolved": "https://registry.npmjs.org/hast-util-raw/-/hast-util-raw-7.2.3.tgz",
			"integrity": "sha512-RujVQfVsOrxzPOPSzZFiwofMArbQke6DJjnFfceiEbFh7S05CbPt0cYN+A5YeD3pso0JQk6O1aHBnx9+Pm2uqg==",
			"dependencies": {
				"@types/hast": "^2.0.0",
				"@types/parse5": "^6.0.0",
				"hast-util-from-parse5": "^7.0.0",
				"hast-util-to-parse5": "^7.0.0",
				"html-void-elements": "^2.0.0",
				"parse5": "^6.0.0",
				"unist-util-position": "^4.0.0",
				"unist-util-visit": "^4.0.0",
				"vfile": "^5.0.0",
				"web-namespaces": "^2.0.0",
				"zwitch": "^2.0.0"
			},
			"funding": {
				"type": "opencollective",
				"url": "https://opencollective.com/unified"
			}
		},
		"node_modules/hast-util-to-html": {
			"version": "8.0.4",
			"resolved": "https://registry.npmjs.org/hast-util-to-html/-/hast-util-to-html-8.0.4.tgz",
			"integrity": "sha512-4tpQTUOr9BMjtYyNlt0P50mH7xj0Ks2xpo8M943Vykljf99HW6EzulIoJP1N3eKOSScEHzyzi9dm7/cn0RfGwA==",
			"dependencies": {
				"@types/hast": "^2.0.0",
				"@types/unist": "^2.0.0",
				"ccount": "^2.0.0",
				"comma-separated-tokens": "^2.0.0",
				"hast-util-raw": "^7.0.0",
				"hast-util-whitespace": "^2.0.0",
				"html-void-elements": "^2.0.0",
				"property-information": "^6.0.0",
				"space-separated-tokens": "^2.0.0",
				"stringify-entities": "^4.0.0",
				"zwitch": "^2.0.4"
			},
			"funding": {
				"type": "opencollective",
				"url": "https://opencollective.com/unified"
			}
		},
		"node_modules/hast-util-to-parse5": {
			"version": "7.1.0",
			"resolved": "https://registry.npmjs.org/hast-util-to-parse5/-/hast-util-to-parse5-7.1.0.tgz",
			"integrity": "sha512-YNRgAJkH2Jky5ySkIqFXTQiaqcAtJyVE+D5lkN6CdtOqrnkLfGYYrEcKuHOJZlp+MwjSwuD3fZuawI+sic/RBw==",
			"dependencies": {
				"@types/hast": "^2.0.0",
				"comma-separated-tokens": "^2.0.0",
				"property-information": "^6.0.0",
				"space-separated-tokens": "^2.0.0",
				"web-namespaces": "^2.0.0",
				"zwitch": "^2.0.0"
			},
			"funding": {
				"type": "opencollective",
				"url": "https://opencollective.com/unified"
			}
		},
		"node_modules/hast-util-to-string": {
			"version": "2.0.0",
			"resolved": "https://registry.npmjs.org/hast-util-to-string/-/hast-util-to-string-2.0.0.tgz",
			"integrity": "sha512-02AQ3vLhuH3FisaMM+i/9sm4OXGSq1UhOOCpTLLQtHdL3tZt7qil69r8M8iDkZYyC0HCFylcYoP+8IO7ddta1A==",
			"dependencies": {
				"@types/hast": "^2.0.0"
			},
			"funding": {
				"type": "opencollective",
				"url": "https://opencollective.com/unified"
			}
		},
		"node_modules/hast-util-to-text": {
			"version": "3.1.2",
			"resolved": "https://registry.npmjs.org/hast-util-to-text/-/hast-util-to-text-3.1.2.tgz",
			"integrity": "sha512-tcllLfp23dJJ+ju5wCCZHVpzsQQ43+moJbqVX3jNWPB7z/KFC4FyZD6R7y94cHL6MQ33YtMZL8Z0aIXXI4XFTw==",
			"dependencies": {
				"@types/hast": "^2.0.0",
				"@types/unist": "^2.0.0",
				"hast-util-is-element": "^2.0.0",
				"unist-util-find-after": "^4.0.0"
			},
			"funding": {
				"type": "opencollective",
				"url": "https://opencollective.com/unified"
			}
		},
		"node_modules/hast-util-whitespace": {
			"version": "2.0.1",
			"resolved": "https://registry.npmjs.org/hast-util-whitespace/-/hast-util-whitespace-2.0.1.tgz",
			"integrity": "sha512-nAxA0v8+vXSBDt3AnRUNjyRIQ0rD+ntpbAp4LnPkumc5M9yUbSMa4XDU9Q6etY4f1Wp4bNgvc1yjiZtsTTrSng==",
			"funding": {
				"type": "opencollective",
				"url": "https://opencollective.com/unified"
			}
		},
		"node_modules/hastscript": {
			"version": "7.2.0",
			"resolved": "https://registry.npmjs.org/hastscript/-/hastscript-7.2.0.tgz",
			"integrity": "sha512-TtYPq24IldU8iKoJQqvZOuhi5CyCQRAbvDOX0x1eW6rsHSxa/1i2CCiptNTotGHJ3VoHRGmqiv6/D3q113ikkw==",
			"dependencies": {
				"@types/hast": "^2.0.0",
				"comma-separated-tokens": "^2.0.0",
				"hast-util-parse-selector": "^3.0.0",
				"property-information": "^6.0.0",
				"space-separated-tokens": "^2.0.0"
			},
			"funding": {
				"type": "opencollective",
				"url": "https://opencollective.com/unified"
			}
		},
		"node_modules/highlight.js": {
			"version": "11.7.0",
			"resolved": "https://registry.npmjs.org/highlight.js/-/highlight.js-11.7.0.tgz",
			"integrity": "sha512-1rRqesRFhMO/PRF+G86evnyJkCgaZFOI+Z6kdj15TA18funfoqJXvgPCLSf0SWq3SRfg1j3HlDs8o4s3EGq1oQ==",
			"engines": {
				"node": ">=12.0.0"
			}
		},
		"node_modules/html-void-elements": {
			"version": "2.0.1",
			"resolved": "https://registry.npmjs.org/html-void-elements/-/html-void-elements-2.0.1.tgz",
			"integrity": "sha512-0quDb7s97CfemeJAnW9wC0hw78MtW7NU3hqtCD75g2vFlDLt36llsYD7uB7SUzojLMP24N5IatXf7ylGXiGG9A==",
			"funding": {
				"type": "github",
				"url": "https://github.com/sponsors/wooorm"
			}
		},
		"node_modules/html-whitespace-sensitive-tag-names": {
			"version": "2.0.0",
			"resolved": "https://registry.npmjs.org/html-whitespace-sensitive-tag-names/-/html-whitespace-sensitive-tag-names-2.0.0.tgz",
			"integrity": "sha512-SQdIvTTtnHAx72xGUIUudvVOCjeWvV1U7rvSFnNGxTGRw3ZC7RES4Gw6dm1nMYD60TXvm6zjk/bWqgNc5pjQaw==",
			"funding": {
				"type": "opencollective",
				"url": "https://opencollective.com/unified"
			}
		},
		"node_modules/is-buffer": {
			"version": "2.0.5",
			"resolved": "https://registry.npmjs.org/is-buffer/-/is-buffer-2.0.5.tgz",
			"integrity": "sha512-i2R6zNFDwgEHJyQUtJEk0XFi1i0dPFn/oqjK3/vPCcDeJvW5NQ83V8QbicfF1SupOaB0h8ntgBC2YiE7dfyctQ==",
			"funding": [
				{
					"type": "github",
					"url": "https://github.com/sponsors/feross"
				},
				{
					"type": "patreon",
					"url": "https://www.patreon.com/feross"
				},
				{
					"type": "consulting",
					"url": "https://feross.org/support"
				}
			],
			"engines": {
				"node": ">=4"
			}
		},
		"node_modules/is-plain-obj": {
			"version": "4.1.0",
			"resolved": "https://registry.npmjs.org/is-plain-obj/-/is-plain-obj-4.1.0.tgz",
			"integrity": "sha512-+Pgi+vMuUNkJyExiMBt5IlFoMyKnr5zhJ4Uspz58WOhBF5QoIZkFyNHIbBAtHwzVAgk5RtndVNsDRN61/mmDqg==",
			"engines": {
				"node": ">=12"
			},
			"funding": {
				"url": "https://github.com/sponsors/sindresorhus"
			}
		},
		"node_modules/lowlight": {
			"version": "2.8.1",
			"resolved": "https://registry.npmjs.org/lowlight/-/lowlight-2.8.1.tgz",
			"integrity": "sha512-HCaGL61RKc1MYzEYn3rFoGkK0yslzCVDFJEanR19rc2L0mb8i58XM55jSRbzp9jcQrFzschPlwooC0vuNitk8Q==",
			"dependencies": {
				"@types/hast": "^2.0.0",
				"fault": "^2.0.0",
				"highlight.js": "~11.7.0"
			},
			"funding": {
				"type": "github",
				"url": "https://github.com/sponsors/wooorm"
			}
		},
		"node_modules/parse5": {
			"version": "6.0.1",
			"resolved": "https://registry.npmjs.org/parse5/-/parse5-6.0.1.tgz",
			"integrity": "sha512-Ofn/CTFzRGTTxwpNEs9PP93gXShHcTq255nzRYSKe8AkVpZY7e1fpmTfOyoIvjP5HG7Z2ZM7VS9PPhQGW2pOpw=="
		},
		"node_modules/property-information": {
			"version": "6.2.0",
			"resolved": "https://registry.npmjs.org/property-information/-/property-information-6.2.0.tgz",
			"integrity": "sha512-kma4U7AFCTwpqq5twzC1YVIDXSqg6qQK6JN0smOw8fgRy1OkMi0CYSzFmsy6dnqSenamAtj0CyXMUJ1Mf6oROg==",
			"funding": {
				"type": "github",
				"url": "https://github.com/sponsors/wooorm"
			}
		},
		"node_modules/rehype": {
			"version": "12.0.1",
			"resolved": "https://registry.npmjs.org/rehype/-/rehype-12.0.1.tgz",
			"integrity": "sha512-ey6kAqwLM3X6QnMDILJthGvG1m1ULROS9NT4uG9IDCuv08SFyLlreSuvOa//DgEvbXx62DS6elGVqusWhRUbgw==",
			"dependencies": {
				"@types/hast": "^2.0.0",
				"rehype-parse": "^8.0.0",
				"rehype-stringify": "^9.0.0",
				"unified": "^10.0.0"
			},
			"funding": {
				"type": "opencollective",
				"url": "https://opencollective.com/unified"
			}
		},
		"node_modules/rehype-format": {
			"version": "4.0.1",
			"resolved": "https://registry.npmjs.org/rehype-format/-/rehype-format-4.0.1.tgz",
			"integrity": "sha512-HA92WeqFri00yiClrz54IIpM9no2DH9Mgy5aFmInNODoAYn+hN42a6oqJTIie2nj0HwFyV7JvOYx5YHBphN8mw==",
			"dependencies": {
				"@types/hast": "^2.0.0",
				"hast-util-embedded": "^2.0.0",
				"hast-util-is-element": "^2.0.0",
				"hast-util-phrasing": "^2.0.0",
				"hast-util-whitespace": "^2.0.0",
				"html-whitespace-sensitive-tag-names": "^2.0.0",
				"rehype-minify-whitespace": "^5.0.0",
				"unified": "^10.0.0",
				"unist-util-visit-parents": "^5.0.0"
			},
			"funding": {
				"type": "opencollective",
				"url": "https://opencollective.com/unified"
			}
		},
		"node_modules/rehype-highlight": {
			"version": "6.0.0",
			"resolved": "https://registry.npmjs.org/rehype-highlight/-/rehype-highlight-6.0.0.tgz",
			"integrity": "sha512-q7UtlFicLhetp7K48ZgZiJgchYscMma7XjzX7t23bqEJF8m6/s+viXQEe4oHjrATTIZpX7RG8CKD7BlNZoh9gw==",
			"dependencies": {
				"@types/hast": "^2.0.0",
				"hast-util-to-text": "^3.0.0",
				"lowlight": "^2.0.0",
				"unified": "^10.0.0",
				"unist-util-visit": "^4.0.0"
			},
			"funding": {
				"type": "opencollective",
				"url": "https://opencollective.com/unified"
			}
		},
		"node_modules/rehype-minify-whitespace": {
			"version": "5.0.1",
			"resolved": "https://registry.npmjs.org/rehype-minify-whitespace/-/rehype-minify-whitespace-5.0.1.tgz",
			"integrity": "sha512-PPp4lWJiBPlePI/dv1BeYktbwkfgXkrK59MUa+tYbMPgleod+4DvFK2PLU0O0O60/xuhHfiR9GUIUlXTU8sRIQ==",
			"dependencies": {
				"@types/hast": "^2.0.0",
				"hast-util-embedded": "^2.0.0",
				"hast-util-is-element": "^2.0.0",
				"hast-util-whitespace": "^2.0.0",
				"unified": "^10.0.0",
				"unist-util-is": "^5.0.0"
			},
			"funding": {
				"type": "opencollective",
				"url": "https://opencollective.com/unified"
			}
		},
		"node_modules/rehype-parse": {
			"version": "8.0.4",
			"resolved": "https://registry.npmjs.org/rehype-parse/-/rehype-parse-8.0.4.tgz",
			"integrity": "sha512-MJJKONunHjoTh4kc3dsM1v3C9kGrrxvA3U8PxZlP2SjH8RNUSrb+lF7Y0KVaUDnGH2QZ5vAn7ulkiajM9ifuqg==",
			"dependencies": {
				"@types/hast": "^2.0.0",
				"hast-util-from-parse5": "^7.0.0",
				"parse5": "^6.0.0",
				"unified": "^10.0.0"
			},
			"funding": {
				"type": "opencollective",
				"url": "https://opencollective.com/unified"
			}
		},
		"node_modules/rehype-stringify": {
			"version": "9.0.3",
			"resolved": "https://registry.npmjs.org/rehype-stringify/-/rehype-stringify-9.0.3.tgz",
			"integrity": "sha512-kWiZ1bgyWlgOxpqD5HnxShKAdXtb2IUljn3hQAhySeak6IOQPPt6DeGnsIh4ixm7yKJWzm8TXFuC/lPfcWHJqw==",
			"dependencies": {
				"@types/hast": "^2.0.0",
				"hast-util-to-html": "^8.0.0",
				"unified": "^10.0.0"
			},
			"funding": {
				"type": "opencollective",
				"url": "https://opencollective.com/unified"
			}
		},
		"node_modules/space-separated-tokens": {
			"version": "2.0.2",
			"resolved": "https://registry.npmjs.org/space-separated-tokens/-/space-separated-tokens-2.0.2.tgz",
			"integrity": "sha512-PEGlAwrG8yXGXRjW32fGbg66JAlOAwbObuqVoJpv/mRgoWDQfgH1wDPvtzWyUSNAXBGSk8h755YDbbcEy3SH2Q==",
			"funding": {
				"type": "github",
				"url": "https://github.com/sponsors/wooorm"
			}
		},
		"node_modules/stringify-entities": {
			"version": "4.0.3",
			"resolved": "https://registry.npmjs.org/stringify-entities/-/stringify-entities-4.0.3.tgz",
			"integrity": "sha512-BP9nNHMhhfcMbiuQKCqMjhDP5yBCAxsPu4pHFFzJ6Alo9dZgY4VLDPutXqIjpRiMoKdp7Av85Gr73Q5uH9k7+g==",
			"dependencies": {
				"character-entities-html4": "^2.0.0",
				"character-entities-legacy": "^3.0.0"
			},
			"funding": {
				"type": "github",
				"url": "https://github.com/sponsors/wooorm"
			}
		},
		"node_modules/trough": {
			"version": "2.1.0",
			"resolved": "https://registry.npmjs.org/trough/-/trough-2.1.0.tgz",
			"integrity": "sha512-AqTiAOLcj85xS7vQ8QkAV41hPDIJ71XJB4RCUrzo/1GM2CQwhkJGaf9Hgr7BOugMRpgGUrqRg/DrBDl4H40+8g==",
			"funding": {
				"type": "github",
				"url": "https://github.com/sponsors/wooorm"
			}
		},
		"node_modules/unified": {
			"version": "10.1.2",
			"resolved": "https://registry.npmjs.org/unified/-/unified-10.1.2.tgz",
			"integrity": "sha512-pUSWAi/RAnVy1Pif2kAoeWNBa3JVrx0MId2LASj8G+7AiHWoKZNTomq6LG326T68U7/e263X6fTdcXIy7XnF7Q==",
			"dependencies": {
				"@types/unist": "^2.0.0",
				"bail": "^2.0.0",
				"extend": "^3.0.0",
				"is-buffer": "^2.0.0",
				"is-plain-obj": "^4.0.0",
				"trough": "^2.0.0",
				"vfile": "^5.0.0"
			},
			"funding": {
				"type": "opencollective",
				"url": "https://opencollective.com/unified"
			}
		},
		"node_modules/unist-util-filter": {
			"version": "4.0.1",
			"resolved": "https://registry.npmjs.org/unist-util-filter/-/unist-util-filter-4.0.1.tgz",
			"integrity": "sha512-RynicUM/vbOSTSiUK+BnaK9XMfmQUh6gyi7L6taNgc7FIf84GukXVV3ucGzEN/PhUUkdP5hb1MmXc+3cvPUm5Q==",
			"dependencies": {
				"@types/unist": "^2.0.0",
				"unist-util-is": "^5.0.0",
				"unist-util-visit-parents": "^5.0.0"
			}
		},
		"node_modules/unist-util-find-after": {
			"version": "4.0.1",
			"resolved": "https://registry.npmjs.org/unist-util-find-after/-/unist-util-find-after-4.0.1.tgz",
			"integrity": "sha512-QO/PuPMm2ERxC6vFXEPtmAutOopy5PknD+Oq64gGwxKtk4xwo9Z97t9Av1obPmGU0IyTa6EKYUfTrK2QJS3Ozw==",
			"dependencies": {
				"@types/unist": "^2.0.0",
				"unist-util-is": "^5.0.0"
			},
			"funding": {
				"type": "opencollective",
				"url": "https://opencollective.com/unified"
			}
		},
		"node_modules/unist-util-is": {
			"version": "5.2.1",
			"resolved": "https://registry.npmjs.org/unist-util-is/-/unist-util-is-5.2.1.tgz",
			"integrity": "sha512-u9njyyfEh43npf1M+yGKDGVPbY/JWEemg5nH05ncKPfi+kBbKBJoTdsogMu33uhytuLlv9y0O7GH7fEdwLdLQw==",
			"dependencies": {
				"@types/unist": "^2.0.0"
			},
			"funding": {
				"type": "opencollective",
				"url": "https://opencollective.com/unified"
			}
		},
		"node_modules/unist-util-position": {
			"version": "4.0.4",
			"resolved": "https://registry.npmjs.org/unist-util-position/-/unist-util-position-4.0.4.tgz",
			"integrity": "sha512-kUBE91efOWfIVBo8xzh/uZQ7p9ffYRtUbMRZBNFYwf0RK8koUMx6dGUfwylLOKmaT2cs4wSW96QoYUSXAyEtpg==",
			"dependencies": {
				"@types/unist": "^2.0.0"
			},
			"funding": {
				"type": "opencollective",
				"url": "https://opencollective.com/unified"
			}
		},
		"node_modules/unist-util-stringify-position": {
			"version": "3.0.3",
			"resolved": "https://registry.npmjs.org/unist-util-stringify-position/-/unist-util-stringify-position-3.0.3.tgz",
			"integrity": "sha512-k5GzIBZ/QatR8N5X2y+drfpWG8IDBzdnVj6OInRNWm1oXrzydiaAT2OQiA8DPRRZyAKb9b6I2a6PxYklZD0gKg==",
			"dependencies": {
				"@types/unist": "^2.0.0"
			},
			"funding": {
				"type": "opencollective",
				"url": "https://opencollective.com/unified"
			}
		},
		"node_modules/unist-util-visit": {
			"version": "4.1.2",
			"resolved": "https://registry.npmjs.org/unist-util-visit/-/unist-util-visit-4.1.2.tgz",
			"integrity": "sha512-MSd8OUGISqHdVvfY9TPhyK2VdUrPgxkUtWSuMHF6XAAFuL4LokseigBnZtPnJMu+FbynTkFNnFlyjxpVKujMRg==",
			"dependencies": {
				"@types/unist": "^2.0.0",
				"unist-util-is": "^5.0.0",
				"unist-util-visit-parents": "^5.1.1"
			},
			"funding": {
				"type": "opencollective",
				"url": "https://opencollective.com/unified"
			}
		},
		"node_modules/unist-util-visit-parents": {
			"version": "5.1.3",
			"resolved": "https://registry.npmjs.org/unist-util-visit-parents/-/unist-util-visit-parents-5.1.3.tgz",
			"integrity": "sha512-x6+y8g7wWMyQhL1iZfhIPhDAs7Xwbn9nRosDXl7qoPTSCy0yNxnKc+hWokFifWQIDGi154rdUqKvbCa4+1kLhg==",
			"dependencies": {
				"@types/unist": "^2.0.0",
				"unist-util-is": "^5.0.0"
			},
			"funding": {
				"type": "opencollective",
				"url": "https://opencollective.com/unified"
			}
		},
		"node_modules/vfile": {
			"version": "5.3.7",
			"resolved": "https://registry.npmjs.org/vfile/-/vfile-5.3.7.tgz",
			"integrity": "sha512-r7qlzkgErKjobAmyNIkkSpizsFPYiUPuJb5pNW1RB4JcYVZhs4lIbVqk8XPk033CV/1z8ss5pkax8SuhGpcG8g==",
			"dependencies": {
				"@types/unist": "^2.0.0",
				"is-buffer": "^2.0.0",
				"unist-util-stringify-position": "^3.0.0",
				"vfile-message": "^3.0.0"
			},
			"funding": {
				"type": "opencollective",
				"url": "https://opencollective.com/unified"
			}
		},
		"node_modules/vfile-location": {
			"version": "4.1.0",
			"resolved": "https://registry.npmjs.org/vfile-location/-/vfile-location-4.1.0.tgz",
			"integrity": "sha512-YF23YMyASIIJXpktBa4vIGLJ5Gs88UB/XePgqPmTa7cDA+JeO3yclbpheQYCHjVHBn/yePzrXuygIL+xbvRYHw==",
			"dependencies": {
				"@types/unist": "^2.0.0",
				"vfile": "^5.0.0"
			},
			"funding": {
				"type": "opencollective",
				"url": "https://opencollective.com/unified"
			}
		},
		"node_modules/vfile-message": {
			"version": "3.1.4",
			"resolved": "https://registry.npmjs.org/vfile-message/-/vfile-message-3.1.4.tgz",
			"integrity": "sha512-fa0Z6P8HUrQN4BZaX05SIVXic+7kE3b05PWAtPuYP9QLHsLKYR7/AlLW3NtOrpXRLeawpDLMsVkmk5DG0NXgWw==",
			"dependencies": {
				"@types/unist": "^2.0.0",
				"unist-util-stringify-position": "^3.0.0"
			},
			"funding": {
				"type": "opencollective",
				"url": "https://opencollective.com/unified"
			}
		},
		"node_modules/web-namespaces": {
			"version": "2.0.1",
			"resolved": "https://registry.npmjs.org/web-namespaces/-/web-namespaces-2.0.1.tgz",
			"integrity": "sha512-bKr1DkiNa2krS7qxNtdrtHAmzuYGFQLiQ13TsorsdT6ULTkPLKuu5+GsFpDlg6JFjUTwX2DyhMPG2be8uPrqsQ==",
			"funding": {
				"type": "github",
				"url": "https://github.com/sponsors/wooorm"
			}
		},
		"node_modules/zwitch": {
			"version": "2.0.4",
			"resolved": "https://registry.npmjs.org/zwitch/-/zwitch-2.0.4.tgz",
			"integrity": "sha512-bXE4cR/kVZhKZX/RjPEflHaKVhUVl85noU3v6b8apfQEc1x4A+zBxjZ4lN8LqGd6WZ3dl98pY4o717VFmoPp+A==",
			"funding": {
				"type": "github",
				"url": "https://github.com/sponsors/wooorm"
			}
		}
	},
	"dependencies": {
		"@types/hast": {
			"version": "2.3.4",
			"resolved": "https://registry.npmjs.org/@types/hast/-/hast-2.3.4.tgz",
			"integrity": "sha512-wLEm0QvaoawEDoTRwzTXp4b4jpwiJDvR5KMnFnVodm3scufTlBOWRD6N1OBf9TZMhjlNsSfcO5V+7AF4+Vy+9g==",
			"requires": {
				"@types/unist": "*"
			}
		},
		"@types/parse5": {
			"version": "6.0.3",
			"resolved": "https://registry.npmjs.org/@types/parse5/-/parse5-6.0.3.tgz",
			"integrity": "sha512-SuT16Q1K51EAVPz1K29DJ/sXjhSQ0zjvsypYJ6tlwVsRV9jwW5Adq2ch8Dq8kDBCkYnELS7N7VNCSB5nC56t/g=="
		},
		"@types/unist": {
			"version": "2.0.6",
			"resolved": "https://registry.npmjs.org/@types/unist/-/unist-2.0.6.tgz",
			"integrity": "sha512-PBjIUxZHOuj0R15/xuwJYjFi+KZdNFrehocChv4g5hu6aFroHue8m0lBP0POdK2nKzbw0cgV1mws8+V/JAcEkQ=="
		},
		"bail": {
			"version": "2.0.2",
			"resolved": "https://registry.npmjs.org/bail/-/bail-2.0.2.tgz",
			"integrity": "sha512-0xO6mYd7JB2YesxDKplafRpsiOzPt9V02ddPCLbY1xYGPOX24NTyN50qnUxgCPcSoYMhKpAuBTjQoRZCAkUDRw=="
		},
		"ccount": {
			"version": "2.0.1",
			"resolved": "https://registry.npmjs.org/ccount/-/ccount-2.0.1.tgz",
			"integrity": "sha512-eyrF0jiFpY+3drT6383f1qhkbGsLSifNAjA61IUjZjmLCWjItY6LB9ft9YhoDgwfmclB2zhu51Lc7+95b8NRAg=="
		},
		"chalk": {
			"version": "5.2.0",
			"resolved": "https://registry.npmjs.org/chalk/-/chalk-5.2.0.tgz",
			"integrity": "sha512-ree3Gqw/nazQAPuJJEy+avdl7QfZMcUvmHIKgEZkGL+xOBzRvup5Hxo6LHuMceSxOabuJLJm5Yp/92R9eMmMvA=="
		},
		"character-entities-html4": {
			"version": "2.1.0",
			"resolved": "https://registry.npmjs.org/character-entities-html4/-/character-entities-html4-2.1.0.tgz",
			"integrity": "sha512-1v7fgQRj6hnSwFpq1Eu0ynr/CDEw0rXo2B61qXrLNdHZmPKgb7fqS1a2JwF0rISo9q77jDI8VMEHoApn8qDoZA=="
		},
		"character-entities-legacy": {
			"version": "3.0.0",
			"resolved": "https://registry.npmjs.org/character-entities-legacy/-/character-entities-legacy-3.0.0.tgz",
			"integrity": "sha512-RpPp0asT/6ufRm//AJVwpViZbGM/MkjQFxJccQRHmISF/22NBtsHqAWmL+/pmkPWoIUJdWyeVleTl1wydHATVQ=="
		},
		"comma-separated-tokens": {
			"version": "2.0.3",
			"resolved": "https://registry.npmjs.org/comma-separated-tokens/-/comma-separated-tokens-2.0.3.tgz",
			"integrity": "sha512-Fu4hJdvzeylCfQPp9SGWidpzrMs7tTrlu6Vb8XGaRGck8QSNZJJp538Wrb60Lax4fPwR64ViY468OIUTbRlGZg=="
		},
		"extend": {
			"version": "3.0.2",
			"resolved": "https://registry.npmjs.org/extend/-/extend-3.0.2.tgz",
			"integrity": "sha512-fjquC59cD7CyW6urNXK0FBufkZcoiGG80wTuPujX590cB5Ttln20E2UB4S/WARVqhXffZl2LNgS+gQdPIIim/g=="
		},
		"fault": {
			"version": "2.0.1",
			"resolved": "https://registry.npmjs.org/fault/-/fault-2.0.1.tgz",
			"integrity": "sha512-WtySTkS4OKev5JtpHXnib4Gxiurzh5NCGvWrFaZ34m6JehfTUhKZvn9njTfw48t6JumVQOmrKqpmGcdwxnhqBQ==",
			"requires": {
				"format": "^0.2.0"
			}
		},
		"format": {
			"version": "0.2.2",
			"resolved": "https://registry.npmjs.org/format/-/format-0.2.2.tgz",
			"integrity": "sha512-wzsgA6WOq+09wrU1tsJ09udeR/YZRaeArL9e1wPbFg3GG2yDnC2ldKpxs4xunpFF9DgqCqOIra3bc1HWrJ37Ww=="
		},
		"github-slugger": {
			"version": "2.0.0",
			"resolved": "https://registry.npmjs.org/github-slugger/-/github-slugger-2.0.0.tgz",
			"integrity": "sha512-IaOQ9puYtjrkq7Y0Ygl9KDZnrf/aiUJYUpVf89y8kyaxbRG7Y1SrX/jaumrv81vc61+kiMempujsM3Yw7w5qcw=="
		},
		"hast-util-embedded": {
			"version": "2.0.1",
			"resolved": "https://registry.npmjs.org/hast-util-embedded/-/hast-util-embedded-2.0.1.tgz",
			"integrity": "sha512-QUdSOP1/o+/TxXtpPFXR2mUg2P+ySrmlX7QjwHZCXqMFyYk7YmcGSvqRW+4XgXAoHifdE1t2PwFaQK33TqVjSw==",
			"requires": {
				"hast-util-is-element": "^2.0.0"
			}
		},
		"hast-util-from-parse5": {
			"version": "7.1.2",
			"resolved": "https://registry.npmjs.org/hast-util-from-parse5/-/hast-util-from-parse5-7.1.2.tgz",
			"integrity": "sha512-Nz7FfPBuljzsN3tCQ4kCBKqdNhQE2l0Tn+X1ubgKBPRoiDIu1mL08Cfw4k7q71+Duyaw7DXDN+VTAp4Vh3oCOw==",
			"requires": {
				"@types/hast": "^2.0.0",
				"@types/unist": "^2.0.0",
				"hastscript": "^7.0.0",
				"property-information": "^6.0.0",
				"vfile": "^5.0.0",
				"vfile-location": "^4.0.0",
				"web-namespaces": "^2.0.0"
			}
		},
		"hast-util-has-property": {
			"version": "2.0.1",
			"resolved": "https://registry.npmjs.org/hast-util-has-property/-/hast-util-has-property-2.0.1.tgz",
			"integrity": "sha512-X2+RwZIMTMKpXUzlotatPzWj8bspCymtXH3cfG3iQKV+wPF53Vgaqxi/eLqGck0wKq1kS9nvoB1wchbCPEL8sg=="
		},
		"hast-util-heading-rank": {
			"version": "2.1.1",
			"resolved": "https://registry.npmjs.org/hast-util-heading-rank/-/hast-util-heading-rank-2.1.1.tgz",
			"integrity": "sha512-iAuRp+ESgJoRFJbSyaqsfvJDY6zzmFoEnL1gtz1+U8gKtGGj1p0CVlysuUAUjq95qlZESHINLThwJzNGmgGZxA==",
			"requires": {
				"@types/hast": "^2.0.0"
			}
		},
		"hast-util-is-body-ok-link": {
			"version": "2.0.0",
			"resolved": "https://registry.npmjs.org/hast-util-is-body-ok-link/-/hast-util-is-body-ok-link-2.0.0.tgz",
			"integrity": "sha512-S58hCexyKdD31vMsErvgLfflW6vYWo/ixRLPJTtkOvLld24vyI8vmYmkgLA5LG3la2ME7nm7dLGdm48gfLRBfw==",
			"requires": {
				"@types/hast": "^2.0.0",
				"hast-util-has-property": "^2.0.0",
				"hast-util-is-element": "^2.0.0"
			}
		},
		"hast-util-is-element": {
			"version": "2.1.3",
			"resolved": "https://registry.npmjs.org/hast-util-is-element/-/hast-util-is-element-2.1.3.tgz",
			"integrity": "sha512-O1bKah6mhgEq2WtVMk+Ta5K7pPMqsBBlmzysLdcwKVrqzZQ0CHqUPiIVspNhAG1rvxpvJjtGee17XfauZYKqVA==",
			"requires": {
				"@types/hast": "^2.0.0",
				"@types/unist": "^2.0.0"
			}
		},
		"hast-util-parse-selector": {
			"version": "3.1.1",
			"resolved": "https://registry.npmjs.org/hast-util-parse-selector/-/hast-util-parse-selector-3.1.1.tgz",
			"integrity": "sha512-jdlwBjEexy1oGz0aJ2f4GKMaVKkA9jwjr4MjAAI22E5fM/TXVZHuS5OpONtdeIkRKqAaryQ2E9xNQxijoThSZA==",
			"requires": {
				"@types/hast": "^2.0.0"
			}
		},
		"hast-util-phrasing": {
			"version": "2.0.2",
			"resolved": "https://registry.npmjs.org/hast-util-phrasing/-/hast-util-phrasing-2.0.2.tgz",
			"integrity": "sha512-yGkCfPkkfCyiLfK6KEl/orMDr/zgCnq/NaO9HfULx6/Zga5fso5eqQA5Ov/JZVqACygvw9shRYWgXNcG2ilo7w==",
			"requires": {
				"@types/hast": "^2.0.0",
				"hast-util-embedded": "^2.0.0",
				"hast-util-has-property": "^2.0.0",
				"hast-util-is-body-ok-link": "^2.0.0",
				"hast-util-is-element": "^2.0.0"
			}
		},
		"hast-util-raw": {
			"version": "7.2.3",
			"resolved": "https://registry.npmjs.org/hast-util-raw/-/hast-util-raw-7.2.3.tgz",
			"integrity": "sha512-RujVQfVsOrxzPOPSzZFiwofMArbQke6DJjnFfceiEbFh7S05CbPt0cYN+A5YeD3pso0JQk6O1aHBnx9+Pm2uqg==",
			"requires": {
				"@types/hast": "^2.0.0",
				"@types/parse5": "^6.0.0",
				"hast-util-from-parse5": "^7.0.0",
				"hast-util-to-parse5": "^7.0.0",
				"html-void-elements": "^2.0.0",
				"parse5": "^6.0.0",
				"unist-util-position": "^4.0.0",
				"unist-util-visit": "^4.0.0",
				"vfile": "^5.0.0",
				"web-namespaces": "^2.0.0",
				"zwitch": "^2.0.0"
			}
		},
		"hast-util-to-html": {
			"version": "8.0.4",
			"resolved": "https://registry.npmjs.org/hast-util-to-html/-/hast-util-to-html-8.0.4.tgz",
			"integrity": "sha512-4tpQTUOr9BMjtYyNlt0P50mH7xj0Ks2xpo8M943Vykljf99HW6EzulIoJP1N3eKOSScEHzyzi9dm7/cn0RfGwA==",
			"requires": {
				"@types/hast": "^2.0.0",
				"@types/unist": "^2.0.0",
				"ccount": "^2.0.0",
				"comma-separated-tokens": "^2.0.0",
				"hast-util-raw": "^7.0.0",
				"hast-util-whitespace": "^2.0.0",
				"html-void-elements": "^2.0.0",
				"property-information": "^6.0.0",
				"space-separated-tokens": "^2.0.0",
				"stringify-entities": "^4.0.0",
				"zwitch": "^2.0.4"
			}
		},
		"hast-util-to-parse5": {
			"version": "7.1.0",
			"resolved": "https://registry.npmjs.org/hast-util-to-parse5/-/hast-util-to-parse5-7.1.0.tgz",
			"integrity": "sha512-YNRgAJkH2Jky5ySkIqFXTQiaqcAtJyVE+D5lkN6CdtOqrnkLfGYYrEcKuHOJZlp+MwjSwuD3fZuawI+sic/RBw==",
			"requires": {
				"@types/hast": "^2.0.0",
				"comma-separated-tokens": "^2.0.0",
				"property-information": "^6.0.0",
				"space-separated-tokens": "^2.0.0",
				"web-namespaces": "^2.0.0",
				"zwitch": "^2.0.0"
			}
		},
		"hast-util-to-string": {
			"version": "2.0.0",
			"resolved": "https://registry.npmjs.org/hast-util-to-string/-/hast-util-to-string-2.0.0.tgz",
			"integrity": "sha512-02AQ3vLhuH3FisaMM+i/9sm4OXGSq1UhOOCpTLLQtHdL3tZt7qil69r8M8iDkZYyC0HCFylcYoP+8IO7ddta1A==",
			"requires": {
				"@types/hast": "^2.0.0"
			}
		},
		"hast-util-to-text": {
			"version": "3.1.2",
			"resolved": "https://registry.npmjs.org/hast-util-to-text/-/hast-util-to-text-3.1.2.tgz",
			"integrity": "sha512-tcllLfp23dJJ+ju5wCCZHVpzsQQ43+moJbqVX3jNWPB7z/KFC4FyZD6R7y94cHL6MQ33YtMZL8Z0aIXXI4XFTw==",
			"requires": {
				"@types/hast": "^2.0.0",
				"@types/unist": "^2.0.0",
				"hast-util-is-element": "^2.0.0",
				"unist-util-find-after": "^4.0.0"
			}
		},
		"hast-util-whitespace": {
			"version": "2.0.1",
			"resolved": "https://registry.npmjs.org/hast-util-whitespace/-/hast-util-whitespace-2.0.1.tgz",
			"integrity": "sha512-nAxA0v8+vXSBDt3AnRUNjyRIQ0rD+ntpbAp4LnPkumc5M9yUbSMa4XDU9Q6etY4f1Wp4bNgvc1yjiZtsTTrSng=="
		},
		"hastscript": {
			"version": "7.2.0",
			"resolved": "https://registry.npmjs.org/hastscript/-/hastscript-7.2.0.tgz",
			"integrity": "sha512-TtYPq24IldU8iKoJQqvZOuhi5CyCQRAbvDOX0x1eW6rsHSxa/1i2CCiptNTotGHJ3VoHRGmqiv6/D3q113ikkw==",
			"requires": {
				"@types/hast": "^2.0.0",
				"comma-separated-tokens": "^2.0.0",
				"hast-util-parse-selector": "^3.0.0",
				"property-information": "^6.0.0",
				"space-separated-tokens": "^2.0.0"
			}
		},
		"highlight.js": {
			"version": "11.7.0",
			"resolved": "https://registry.npmjs.org/highlight.js/-/highlight.js-11.7.0.tgz",
			"integrity": "sha512-1rRqesRFhMO/PRF+G86evnyJkCgaZFOI+Z6kdj15TA18funfoqJXvgPCLSf0SWq3SRfg1j3HlDs8o4s3EGq1oQ=="
		},
		"html-void-elements": {
			"version": "2.0.1",
			"resolved": "https://registry.npmjs.org/html-void-elements/-/html-void-elements-2.0.1.tgz",
			"integrity": "sha512-0quDb7s97CfemeJAnW9wC0hw78MtW7NU3hqtCD75g2vFlDLt36llsYD7uB7SUzojLMP24N5IatXf7ylGXiGG9A=="
		},
		"html-whitespace-sensitive-tag-names": {
			"version": "2.0.0",
			"resolved": "https://registry.npmjs.org/html-whitespace-sensitive-tag-names/-/html-whitespace-sensitive-tag-names-2.0.0.tgz",
			"integrity": "sha512-SQdIvTTtnHAx72xGUIUudvVOCjeWvV1U7rvSFnNGxTGRw3ZC7RES4Gw6dm1nMYD60TXvm6zjk/bWqgNc5pjQaw=="
		},
		"is-buffer": {
			"version": "2.0.5",
			"resolved": "https://registry.npmjs.org/is-buffer/-/is-buffer-2.0.5.tgz",
			"integrity": "sha512-i2R6zNFDwgEHJyQUtJEk0XFi1i0dPFn/oqjK3/vPCcDeJvW5NQ83V8QbicfF1SupOaB0h8ntgBC2YiE7dfyctQ=="
		},
		"is-plain-obj": {
			"version": "4.1.0",
			"resolved": "https://registry.npmjs.org/is-plain-obj/-/is-plain-obj-4.1.0.tgz",
			"integrity": "sha512-+Pgi+vMuUNkJyExiMBt5IlFoMyKnr5zhJ4Uspz58WOhBF5QoIZkFyNHIbBAtHwzVAgk5RtndVNsDRN61/mmDqg=="
		},
		"lowlight": {
			"version": "2.8.1",
			"resolved": "https://registry.npmjs.org/lowlight/-/lowlight-2.8.1.tgz",
			"integrity": "sha512-HCaGL61RKc1MYzEYn3rFoGkK0yslzCVDFJEanR19rc2L0mb8i58XM55jSRbzp9jcQrFzschPlwooC0vuNitk8Q==",
			"requires": {
				"@types/hast": "^2.0.0",
				"fault": "^2.0.0",
				"highlight.js": "~11.7.0"
			}
		},
		"parse5": {
			"version": "6.0.1",
			"resolved": "https://registry.npmjs.org/parse5/-/parse5-6.0.1.tgz",
			"integrity": "sha512-Ofn/CTFzRGTTxwpNEs9PP93gXShHcTq255nzRYSKe8AkVpZY7e1fpmTfOyoIvjP5HG7Z2ZM7VS9PPhQGW2pOpw=="
		},
		"property-information": {
			"version": "6.2.0",
			"resolved": "https://registry.npmjs.org/property-information/-/property-information-6.2.0.tgz",
			"integrity": "sha512-kma4U7AFCTwpqq5twzC1YVIDXSqg6qQK6JN0smOw8fgRy1OkMi0CYSzFmsy6dnqSenamAtj0CyXMUJ1Mf6oROg=="
		},
		"rehype": {
			"version": "12.0.1",
			"resolved": "https://registry.npmjs.org/rehype/-/rehype-12.0.1.tgz",
			"integrity": "sha512-ey6kAqwLM3X6QnMDILJthGvG1m1ULROS9NT4uG9IDCuv08SFyLlreSuvOa//DgEvbXx62DS6elGVqusWhRUbgw==",
			"requires": {
				"@types/hast": "^2.0.0",
				"rehype-parse": "^8.0.0",
				"rehype-stringify": "^9.0.0",
				"unified": "^10.0.0"
			}
		},
		"rehype-format": {
			"version": "4.0.1",
			"resolved": "https://registry.npmjs.org/rehype-format/-/rehype-format-4.0.1.tgz",
			"integrity": "sha512-HA92WeqFri00yiClrz54IIpM9no2DH9Mgy5aFmInNODoAYn+hN42a6oqJTIie2nj0HwFyV7JvOYx5YHBphN8mw==",
			"requires": {
				"@types/hast": "^2.0.0",
				"hast-util-embedded": "^2.0.0",
				"hast-util-is-element": "^2.0.0",
				"hast-util-phrasing": "^2.0.0",
				"hast-util-whitespace": "^2.0.0",
				"html-whitespace-sensitive-tag-names": "^2.0.0",
				"rehype-minify-whitespace": "^5.0.0",
				"unified": "^10.0.0",
				"unist-util-visit-parents": "^5.0.0"
			}
		},
		"rehype-highlight": {
			"version": "6.0.0",
			"resolved": "https://registry.npmjs.org/rehype-highlight/-/rehype-highlight-6.0.0.tgz",
			"integrity": "sha512-q7UtlFicLhetp7K48ZgZiJgchYscMma7XjzX7t23bqEJF8m6/s+viXQEe4oHjrATTIZpX7RG8CKD7BlNZoh9gw==",
			"requires": {
				"@types/hast": "^2.0.0",
				"hast-util-to-text": "^3.0.0",
				"lowlight": "^2.0.0",
				"unified": "^10.0.0",
				"unist-util-visit": "^4.0.0"
			}
		},
		"rehype-minify-whitespace": {
			"version": "5.0.1",
			"resolved": "https://registry.npmjs.org/rehype-minify-whitespace/-/rehype-minify-whitespace-5.0.1.tgz",
			"integrity": "sha512-PPp4lWJiBPlePI/dv1BeYktbwkfgXkrK59MUa+tYbMPgleod+4DvFK2PLU0O0O60/xuhHfiR9GUIUlXTU8sRIQ==",
			"requires": {
				"@types/hast": "^2.0.0",
				"hast-util-embedded": "^2.0.0",
				"hast-util-is-element": "^2.0.0",
				"hast-util-whitespace": "^2.0.0",
				"unified": "^10.0.0",
				"unist-util-is": "^5.0.0"
			}
		},
		"rehype-parse": {
			"version": "8.0.4",
			"resolved": "https://registry.npmjs.org/rehype-parse/-/rehype-parse-8.0.4.tgz",
			"integrity": "sha512-MJJKONunHjoTh4kc3dsM1v3C9kGrrxvA3U8PxZlP2SjH8RNUSrb+lF7Y0KVaUDnGH2QZ5vAn7ulkiajM9ifuqg==",
			"requires": {
				"@types/hast": "^2.0.0",
				"hast-util-from-parse5": "^7.0.0",
				"parse5": "^6.0.0",
				"unified": "^10.0.0"
			}
		},
		"rehype-stringify": {
			"version": "9.0.3",
			"resolved": "https://registry.npmjs.org/rehype-stringify/-/rehype-stringify-9.0.3.tgz",
			"integrity": "sha512-kWiZ1bgyWlgOxpqD5HnxShKAdXtb2IUljn3hQAhySeak6IOQPPt6DeGnsIh4ixm7yKJWzm8TXFuC/lPfcWHJqw==",
			"requires": {
				"@types/hast": "^2.0.0",
				"hast-util-to-html": "^8.0.0",
				"unified": "^10.0.0"
			}
		},
		"space-separated-tokens": {
			"version": "2.0.2",
			"resolved": "https://registry.npmjs.org/space-separated-tokens/-/space-separated-tokens-2.0.2.tgz",
			"integrity": "sha512-PEGlAwrG8yXGXRjW32fGbg66JAlOAwbObuqVoJpv/mRgoWDQfgH1wDPvtzWyUSNAXBGSk8h755YDbbcEy3SH2Q=="
		},
		"stringify-entities": {
			"version": "4.0.3",
			"resolved": "https://registry.npmjs.org/stringify-entities/-/stringify-entities-4.0.3.tgz",
			"integrity": "sha512-BP9nNHMhhfcMbiuQKCqMjhDP5yBCAxsPu4pHFFzJ6Alo9dZgY4VLDPutXqIjpRiMoKdp7Av85Gr73Q5uH9k7+g==",
			"requires": {
				"character-entities-html4": "^2.0.0",
				"character-entities-legacy": "^3.0.0"
			}
		},
		"trough": {
			"version": "2.1.0",
			"resolved": "https://registry.npmjs.org/trough/-/trough-2.1.0.tgz",
			"integrity": "sha512-AqTiAOLcj85xS7vQ8QkAV41hPDIJ71XJB4RCUrzo/1GM2CQwhkJGaf9Hgr7BOugMRpgGUrqRg/DrBDl4H40+8g=="
		},
		"unified": {
			"version": "10.1.2",
			"resolved": "https://registry.npmjs.org/unified/-/unified-10.1.2.tgz",
			"integrity": "sha512-pUSWAi/RAnVy1Pif2kAoeWNBa3JVrx0MId2LASj8G+7AiHWoKZNTomq6LG326T68U7/e263X6fTdcXIy7XnF7Q==",
			"requires": {
				"@types/unist": "^2.0.0",
				"bail": "^2.0.0",
				"extend": "^3.0.0",
				"is-buffer": "^2.0.0",
				"is-plain-obj": "^4.0.0",
				"trough": "^2.0.0",
				"vfile": "^5.0.0"
			}
		},
		"unist-util-filter": {
			"version": "4.0.1",
			"resolved": "https://registry.npmjs.org/unist-util-filter/-/unist-util-filter-4.0.1.tgz",
			"integrity": "sha512-RynicUM/vbOSTSiUK+BnaK9XMfmQUh6gyi7L6taNgc7FIf84GukXVV3ucGzEN/PhUUkdP5hb1MmXc+3cvPUm5Q==",
			"requires": {
				"@types/unist": "^2.0.0",
				"unist-util-is": "^5.0.0",
				"unist-util-visit-parents": "^5.0.0"
			}
		},
		"unist-util-find-after": {
			"version": "4.0.1",
			"resolved": "https://registry.npmjs.org/unist-util-find-after/-/unist-util-find-after-4.0.1.tgz",
			"integrity": "sha512-QO/PuPMm2ERxC6vFXEPtmAutOopy5PknD+Oq64gGwxKtk4xwo9Z97t9Av1obPmGU0IyTa6EKYUfTrK2QJS3Ozw==",
			"requires": {
				"@types/unist": "^2.0.0",
				"unist-util-is": "^5.0.0"
			}
		},
		"unist-util-is": {
			"version": "5.2.1",
			"resolved": "https://registry.npmjs.org/unist-util-is/-/unist-util-is-5.2.1.tgz",
			"integrity": "sha512-u9njyyfEh43npf1M+yGKDGVPbY/JWEemg5nH05ncKPfi+kBbKBJoTdsogMu33uhytuLlv9y0O7GH7fEdwLdLQw==",
			"requires": {
				"@types/unist": "^2.0.0"
			}
		},
		"unist-util-position": {
			"version": "4.0.4",
			"resolved": "https://registry.npmjs.org/unist-util-position/-/unist-util-position-4.0.4.tgz",
			"integrity": "sha512-kUBE91efOWfIVBo8xzh/uZQ7p9ffYRtUbMRZBNFYwf0RK8koUMx6dGUfwylLOKmaT2cs4wSW96QoYUSXAyEtpg==",
			"requires": {
				"@types/unist": "^2.0.0"
			}
		},
		"unist-util-stringify-position": {
			"version": "3.0.3",
			"resolved": "https://registry.npmjs.org/unist-util-stringify-position/-/unist-util-stringify-position-3.0.3.tgz",
			"integrity": "sha512-k5GzIBZ/QatR8N5X2y+drfpWG8IDBzdnVj6OInRNWm1oXrzydiaAT2OQiA8DPRRZyAKb9b6I2a6PxYklZD0gKg==",
			"requires": {
				"@types/unist": "^2.0.0"
			}
		},
		"unist-util-visit": {
			"version": "4.1.2",
			"resolved": "https://registry.npmjs.org/unist-util-visit/-/unist-util-visit-4.1.2.tgz",
			"integrity": "sha512-MSd8OUGISqHdVvfY9TPhyK2VdUrPgxkUtWSuMHF6XAAFuL4LokseigBnZtPnJMu+FbynTkFNnFlyjxpVKujMRg==",
			"requires": {
				"@types/unist": "^2.0.0",
				"unist-util-is": "^5.0.0",
				"unist-util-visit-parents": "^5.1.1"
			}
		},
		"unist-util-visit-parents": {
			"version": "5.1.3",
			"resolved": "https://registry.npmjs.org/unist-util-visit-parents/-/unist-util-visit-parents-5.1.3.tgz",
			"integrity": "sha512-x6+y8g7wWMyQhL1iZfhIPhDAs7Xwbn9nRosDXl7qoPTSCy0yNxnKc+hWokFifWQIDGi154rdUqKvbCa4+1kLhg==",
			"requires": {
				"@types/unist": "^2.0.0",
				"unist-util-is": "^5.0.0"
			}
		},
		"vfile": {
			"version": "5.3.7",
			"resolved": "https://registry.npmjs.org/vfile/-/vfile-5.3.7.tgz",
			"integrity": "sha512-r7qlzkgErKjobAmyNIkkSpizsFPYiUPuJb5pNW1RB4JcYVZhs4lIbVqk8XPk033CV/1z8ss5pkax8SuhGpcG8g==",
			"requires": {
				"@types/unist": "^2.0.0",
				"is-buffer": "^2.0.0",
				"unist-util-stringify-position": "^3.0.0",
				"vfile-message": "^3.0.0"
			}
		},
		"vfile-location": {
			"version": "4.1.0",
			"resolved": "https://registry.npmjs.org/vfile-location/-/vfile-location-4.1.0.tgz",
			"integrity": "sha512-YF23YMyASIIJXpktBa4vIGLJ5Gs88UB/XePgqPmTa7cDA+JeO3yclbpheQYCHjVHBn/yePzrXuygIL+xbvRYHw==",
			"requires": {
				"@types/unist": "^2.0.0",
				"vfile": "^5.0.0"
			}
		},
		"vfile-message": {
			"version": "3.1.4",
			"resolved": "https://registry.npmjs.org/vfile-message/-/vfile-message-3.1.4.tgz",
			"integrity": "sha512-fa0Z6P8HUrQN4BZaX05SIVXic+7kE3b05PWAtPuYP9QLHsLKYR7/AlLW3NtOrpXRLeawpDLMsVkmk5DG0NXgWw==",
			"requires": {
				"@types/unist": "^2.0.0",
				"unist-util-stringify-position": "^3.0.0"
			}
		},
		"web-namespaces": {
			"version": "2.0.1",
			"resolved": "https://registry.npmjs.org/web-namespaces/-/web-namespaces-2.0.1.tgz",
			"integrity": "sha512-bKr1DkiNa2krS7qxNtdrtHAmzuYGFQLiQ13TsorsdT6ULTkPLKuu5+GsFpDlg6JFjUTwX2DyhMPG2be8uPrqsQ=="
		},
		"zwitch": {
			"version": "2.0.4",
			"resolved": "https://registry.npmjs.org/zwitch/-/zwitch-2.0.4.tgz",
			"integrity": "sha512-bXE4cR/kVZhKZX/RjPEflHaKVhUVl85noU3v6b8apfQEc1x4A+zBxjZ4lN8LqGd6WZ3dl98pY4o717VFmoPp+A=="
		}
	}
}
